// !$*UTF8*$!
{
	archiveVersion = 1;
	classes = {
	};
	objectVersion = 50;
	objects = {

/* Begin PBXBuildFile section */
		5F9B1D8B24081884004DA693 /* AppDelegate.swift in Sources */ = {isa = PBXBuildFile; fileRef = 5F9B1D8A24081884004DA693 /* AppDelegate.swift */; };
		5F9B1D8D24081884004DA693 /* SceneDelegate.swift in Sources */ = {isa = PBXBuildFile; fileRef = 5F9B1D8C24081884004DA693 /* SceneDelegate.swift */; };
		5F9B1D8F24081884004DA693 /* ContentView.swift in Sources */ = {isa = PBXBuildFile; fileRef = 5F9B1D8E24081884004DA693 /* ContentView.swift */; };
		5F9B1D9124081888004DA693 /* Assets.xcassets in Resources */ = {isa = PBXBuildFile; fileRef = 5F9B1D9024081888004DA693 /* Assets.xcassets */; };
		5F9B1D9424081888004DA693 /* Preview Assets.xcassets in Resources */ = {isa = PBXBuildFile; fileRef = 5F9B1D9324081888004DA693 /* Preview Assets.xcassets */; };
		5F9B1D9724081888004DA693 /* LaunchScreen.storyboard in Resources */ = {isa = PBXBuildFile; fileRef = 5F9B1D9524081888004DA693 /* LaunchScreen.storyboard */; };
		5F9B1DA224081889004DA693 /* spracheappTests.swift in Sources */ = {isa = PBXBuildFile; fileRef = 5F9B1DA124081889004DA693 /* spracheappTests.swift */; };
		5F9B1DAD24081889004DA693 /* spracheappUITests.swift in Sources */ = {isa = PBXBuildFile; fileRef = 5F9B1DAC24081889004DA693 /* spracheappUITests.swift */; };
/* End PBXBuildFile section */

/* Begin PBXContainerItemProxy section */
		5F9B1D9E24081889004DA693 /* PBXContainerItemProxy */ = {
			isa = PBXContainerItemProxy;
			containerPortal = 5F9B1D7F24081884004DA693 /* Project object */;
			proxyType = 1;
			remoteGlobalIDString = 5F9B1D8624081884004DA693;
			remoteInfo = spracheapp;
		};
		5F9B1DA924081889004DA693 /* PBXContainerItemProxy */ = {
			isa = PBXContainerItemProxy;
			containerPortal = 5F9B1D7F24081884004DA693 /* Project object */;
			proxyType = 1;
			remoteGlobalIDString = 5F9B1D8624081884004DA693;
			remoteInfo = spracheapp;
		};
/* End PBXContainerItemProxy section */

/* Begin PBXFileReference section */
		5F9B1D8724081884004DA693 /* spracheapp.app */ = {isa = PBXFileReference; explicitFileType = wrapper.application; includeInIndex = 0; path = spracheapp.app; sourceTree = BUILT_PRODUCTS_DIR; };
		5F9B1D8A24081884004DA693 /* AppDelegate.swift */ = {isa = PBXFileReference; lastKnownFileType = sourcecode.swift; path = AppDelegate.swift; sourceTree = "<group>"; };
		5F9B1D8C24081884004DA693 /* SceneDelegate.swift */ = {isa = PBXFileReference; lastKnownFileType = sourcecode.swift; path = SceneDelegate.swift; sourceTree = "<group>"; };
		5F9B1D8E24081884004DA693 /* ContentView.swift */ = {isa = PBXFileReference; lastKnownFileType = sourcecode.swift; path = ContentView.swift; sourceTree = "<group>"; };
		5F9B1D9024081888004DA693 /* Assets.xcassets */ = {isa = PBXFileReference; lastKnownFileType = folder.assetcatalog; path = Assets.xcassets; sourceTree = "<group>"; };
		5F9B1D9324081888004DA693 /* Preview Assets.xcassets */ = {isa = PBXFileReference; lastKnownFileType = folder.assetcatalog; path = "Preview Assets.xcassets"; sourceTree = "<group>"; };
		5F9B1D9624081888004DA693 /* Base */ = {isa = PBXFileReference; lastKnownFileType = file.storyboard; name = Base; path = Base.lproj/LaunchScreen.storyboard; sourceTree = "<group>"; };
		5F9B1D9824081888004DA693 /* Info.plist */ = {isa = PBXFileReference; lastKnownFileType = text.plist.xml; path = Info.plist; sourceTree = "<group>"; };
		5F9B1D9D24081889004DA693 /* spracheappTests.xctest */ = {isa = PBXFileReference; explicitFileType = wrapper.cfbundle; includeInIndex = 0; path = spracheappTests.xctest; sourceTree = BUILT_PRODUCTS_DIR; };
		5F9B1DA124081889004DA693 /* spracheappTests.swift */ = {isa = PBXFileReference; lastKnownFileType = sourcecode.swift; path = spracheappTests.swift; sourceTree = "<group>"; };
		5F9B1DA324081889004DA693 /* Info.plist */ = {isa = PBXFileReference; lastKnownFileType = text.plist.xml; path = Info.plist; sourceTree = "<group>"; };
		5F9B1DA824081889004DA693 /* spracheappUITests.xctest */ = {isa = PBXFileReference; explicitFileType = wrapper.cfbundle; includeInIndex = 0; path = spracheappUITests.xctest; sourceTree = BUILT_PRODUCTS_DIR; };
		5F9B1DAC24081889004DA693 /* spracheappUITests.swift */ = {isa = PBXFileReference; lastKnownFileType = sourcecode.swift; path = spracheappUITests.swift; sourceTree = "<group>"; };
		5F9B1DAE24081889004DA693 /* Info.plist */ = {isa = PBXFileReference; lastKnownFileType = text.plist.xml; path = Info.plist; sourceTree = "<group>"; };
/* End PBXFileReference section */

/* Begin PBXFrameworksBuildPhase section */
		5F9B1D8424081884004DA693 /* Frameworks */ = {
			isa = PBXFrameworksBuildPhase;
			buildActionMask = 2147483647;
			files = (
			);
			runOnlyForDeploymentPostprocessing = 0;
		};
		5F9B1D9A24081889004DA693 /* Frameworks */ = {
			isa = PBXFrameworksBuildPhase;
			buildActionMask = 2147483647;
			files = (
			);
			runOnlyForDeploymentPostprocessing = 0;
		};
		5F9B1DA524081889004DA693 /* Frameworks */ = {
			isa = PBXFrameworksBuildPhase;
			buildActionMask = 2147483647;
			files = (
			);
			runOnlyForDeploymentPostprocessing = 0;
		};
/* End PBXFrameworksBuildPhase section */

/* Begin PBXGroup section */
		5F9B1D7E24081884004DA693 = {
			isa = PBXGroup;
			children = (
				5F9B1D8924081884004DA693 /* spracheapp */,
				5F9B1DA024081889004DA693 /* spracheappTests */,
				5F9B1DAB24081889004DA693 /* spracheappUITests */,
				5F9B1D8824081884004DA693 /* Products */,
			);
			sourceTree = "<group>";
		};
		5F9B1D8824081884004DA693 /* Products */ = {
			isa = PBXGroup;
			children = (
				5F9B1D8724081884004DA693 /* spracheapp.app */,
				5F9B1D9D24081889004DA693 /* spracheappTests.xctest */,
				5F9B1DA824081889004DA693 /* spracheappUITests.xctest */,
			);
			name = Products;
			sourceTree = "<group>";
		};
		5F9B1D8924081884004DA693 /* spracheapp */ = {
			isa = PBXGroup;
			children = (
				5F9B1D8A24081884004DA693 /* AppDelegate.swift */,
				5F9B1D8C24081884004DA693 /* SceneDelegate.swift */,
				5F9B1D8E24081884004DA693 /* ContentView.swift */,
				5F9B1D9024081888004DA693 /* Assets.xcassets */,
				5F9B1D9524081888004DA693 /* LaunchScreen.storyboard */,
				5F9B1D9824081888004DA693 /* Info.plist */,
				5F9B1D9224081888004DA693 /* Preview Content */,
			);
			path = spracheapp;
			sourceTree = "<group>";
		};
		5F9B1D9224081888004DA693 /* Preview Content */ = {
			isa = PBXGroup;
			children = (
				5F9B1D9324081888004DA693 /* Preview Assets.xcassets */,
			);
			path = "Preview Content";
			sourceTree = "<group>";
		};
		5F9B1DA024081889004DA693 /* spracheappTests */ = {
			isa = PBXGroup;
			children = (
				5F9B1DA124081889004DA693 /* spracheappTests.swift */,
				5F9B1DA324081889004DA693 /* Info.plist */,
			);
			path = spracheappTests;
			sourceTree = "<group>";
		};
		5F9B1DAB24081889004DA693 /* spracheappUITests */ = {
			isa = PBXGroup;
			children = (
				5F9B1DAC24081889004DA693 /* spracheappUITests.swift */,
				5F9B1DAE24081889004DA693 /* Info.plist */,
			);
			path = spracheappUITests;
			sourceTree = "<group>";
		};
/* End PBXGroup section */

/* Begin PBXNativeTarget section */
		5F9B1D8624081884004DA693 /* spracheapp */ = {
			isa = PBXNativeTarget;
			buildConfigurationList = 5F9B1DB124081889004DA693 /* Build configuration list for PBXNativeTarget "spracheapp" */;
			buildPhases = (
				5F9B1D8324081884004DA693 /* Sources */,
				5F9B1D8424081884004DA693 /* Frameworks */,
				5F9B1D8524081884004DA693 /* Resources */,
			);
			buildRules = (
			);
			dependencies = (
			);
			name = spracheapp;
			productName = spracheapp;
			productReference = 5F9B1D8724081884004DA693 /* spracheapp.app */;
			productType = "com.apple.product-type.application";
		};
		5F9B1D9C24081889004DA693 /* spracheappTests */ = {
			isa = PBXNativeTarget;
			buildConfigurationList = 5F9B1DB424081889004DA693 /* Build configuration list for PBXNativeTarget "spracheappTests" */;
			buildPhases = (
				5F9B1D9924081889004DA693 /* Sources */,
				5F9B1D9A24081889004DA693 /* Frameworks */,
				5F9B1D9B24081889004DA693 /* Resources */,
			);
			buildRules = (
			);
			dependencies = (
				5F9B1D9F24081889004DA693 /* PBXTargetDependency */,
			);
			name = spracheappTests;
			productName = spracheappTests;
			productReference = 5F9B1D9D24081889004DA693 /* spracheappTests.xctest */;
			productType = "com.apple.product-type.bundle.unit-test";
		};
		5F9B1DA724081889004DA693 /* spracheappUITests */ = {
			isa = PBXNativeTarget;
			buildConfigurationList = 5F9B1DB724081889004DA693 /* Build configuration list for PBXNativeTarget "spracheappUITests" */;
			buildPhases = (
				5F9B1DA424081889004DA693 /* Sources */,
				5F9B1DA524081889004DA693 /* Frameworks */,
				5F9B1DA624081889004DA693 /* Resources */,
			);
			buildRules = (
			);
			dependencies = (
				5F9B1DAA24081889004DA693 /* PBXTargetDependency */,
			);
			name = spracheappUITests;
			productName = spracheappUITests;
			productReference = 5F9B1DA824081889004DA693 /* spracheappUITests.xctest */;
			productType = "com.apple.product-type.bundle.ui-testing";
		};
/* End PBXNativeTarget section */

/* Begin PBXProject section */
		5F9B1D7F24081884004DA693 /* Project object */ = {
			isa = PBXProject;
			attributes = {
				LastSwiftUpdateCheck = 1130;
				LastUpgradeCheck = 1130;
				ORGANIZATIONNAME = "Thomas Simpson";
				TargetAttributes = {
					5F9B1D8624081884004DA693 = {
						CreatedOnToolsVersion = 11.3.1;
					};
					5F9B1D9C24081889004DA693 = {
						CreatedOnToolsVersion = 11.3.1;
						TestTargetID = 5F9B1D8624081884004DA693;
					};
					5F9B1DA724081889004DA693 = {
						CreatedOnToolsVersion = 11.3.1;
						TestTargetID = 5F9B1D8624081884004DA693;
					};
				};
			};
			buildConfigurationList = 5F9B1D8224081884004DA693 /* Build configuration list for PBXProject "spracheapp" */;
			compatibilityVersion = "Xcode 9.3";
			developmentRegion = en;
			hasScannedForEncodings = 0;
			knownRegions = (
				en,
				Base,
			);
			mainGroup = 5F9B1D7E24081884004DA693;
			productRefGroup = 5F9B1D8824081884004DA693 /* Products */;
			projectDirPath = "";
			projectRoot = "";
			targets = (
				5F9B1D8624081884004DA693 /* spracheapp */,
				5F9B1D9C24081889004DA693 /* spracheappTests */,
				5F9B1DA724081889004DA693 /* spracheappUITests */,
			);
		};
/* End PBXProject section */

/* Begin PBXResourcesBuildPhase section */
		5F9B1D8524081884004DA693 /* Resources */ = {
			isa = PBXResourcesBuildPhase;
			buildActionMask = 2147483647;
			files = (
				5F9B1D9724081888004DA693 /* LaunchScreen.storyboard in Resources */,
				5F9B1D9424081888004DA693 /* Preview Assets.xcassets in Resources */,
				5F9B1D9124081888004DA693 /* Assets.xcassets in Resources */,
			);
			runOnlyForDeploymentPostprocessing = 0;
		};
		5F9B1D9B24081889004DA693 /* Resources */ = {
			isa = PBXResourcesBuildPhase;
			buildActionMask = 2147483647;
			files = (
			);
			runOnlyForDeploymentPostprocessing = 0;
		};
		5F9B1DA624081889004DA693 /* Resources */ = {
			isa = PBXResourcesBuildPhase;
			buildActionMask = 2147483647;
			files = (
			);
			runOnlyForDeploymentPostprocessing = 0;
		};
/* End PBXResourcesBuildPhase section */

/* Begin PBXSourcesBuildPhase section */
		5F9B1D8324081884004DA693 /* Sources */ = {
			isa = PBXSourcesBuildPhase;
			buildActionMask = 2147483647;
			files = (
				5F9B1D8B24081884004DA693 /* AppDelegate.swift in Sources */,
				5F9B1D8D24081884004DA693 /* SceneDelegate.swift in Sources */,
				5F9B1D8F24081884004DA693 /* ContentView.swift in Sources */,
			);
			runOnlyForDeploymentPostprocessing = 0;
		};
		5F9B1D9924081889004DA693 /* Sources */ = {
			isa = PBXSourcesBuildPhase;
			buildActionMask = 2147483647;
			files = (
				5F9B1DA224081889004DA693 /* spracheappTests.swift in Sources */,
			);
			runOnlyForDeploymentPostprocessing = 0;
		};
		5F9B1DA424081889004DA693 /* Sources */ = {
			isa = PBXSourcesBuildPhase;
			buildActionMask = 2147483647;
			files = (
				5F9B1DAD24081889004DA693 /* spracheappUITests.swift in Sources */,
			);
			runOnlyForDeploymentPostprocessing = 0;
		};
/* End PBXSourcesBuildPhase section */

/* Begin PBXTargetDependency section */
		5F9B1D9F24081889004DA693 /* PBXTargetDependency */ = {
			isa = PBXTargetDependency;
			target = 5F9B1D8624081884004DA693 /* spracheapp */;
			targetProxy = 5F9B1D9E24081889004DA693 /* PBXContainerItemProxy */;
		};
		5F9B1DAA24081889004DA693 /* PBXTargetDependency */ = {
			isa = PBXTargetDependency;
			target = 5F9B1D8624081884004DA693 /* spracheapp */;
			targetProxy = 5F9B1DA924081889004DA693 /* PBXContainerItemProxy */;
		};
/* End PBXTargetDependency section */

/* Begin PBXVariantGroup section */
		5F9B1D9524081888004DA693 /* LaunchScreen.storyboard */ = {
			isa = PBXVariantGroup;
			children = (
				5F9B1D9624081888004DA693 /* Base */,
			);
			name = LaunchScreen.storyboard;
			sourceTree = "<group>";
		};
/* End PBXVariantGroup section */

/* Begin XCBuildConfiguration section */
		5F9B1DAF24081889004DA693 /* Debug */ = {
			isa = XCBuildConfiguration;
			buildSettings = {
				ALWAYS_SEARCH_USER_PATHS = NO;
				CLANG_ANALYZER_NONNULL = YES;
				CLANG_ANALYZER_NUMBER_OBJECT_CONVERSION = YES_AGGRESSIVE;
				CLANG_CXX_LANGUAGE_STANDARD = "gnu++14";
				CLANG_CXX_LIBRARY = "libc++";
				CLANG_ENABLE_MODULES = YES;
				CLANG_ENABLE_OBJC_ARC = YES;
				CLANG_ENABLE_OBJC_WEAK = YES;
				CLANG_WARN_BLOCK_CAPTURE_AUTORELEASING = YES;
				CLANG_WARN_BOOL_CONVERSION = YES;
				CLANG_WARN_COMMA = YES;
				CLANG_WARN_CONSTANT_CONVERSION = YES;
				CLANG_WARN_DEPRECATED_OBJC_IMPLEMENTATIONS = YES;
				CLANG_WARN_DIRECT_OBJC_ISA_USAGE = YES_ERROR;
				CLANG_WARN_DOCUMENTATION_COMMENTS = YES;
				CLANG_WARN_EMPTY_BODY = YES;
				CLANG_WARN_ENUM_CONVERSION = YES;
				CLANG_WARN_INFINITE_RECURSION = YES;
				CLANG_WARN_INT_CONVERSION = YES;
				CLANG_WARN_NON_LITERAL_NULL_CONVERSION = YES;
				CLANG_WARN_OBJC_IMPLICIT_RETAIN_SELF = YES;
				CLANG_WARN_OBJC_LITERAL_CONVERSION = YES;
				CLANG_WARN_OBJC_ROOT_CLASS = YES_ERROR;
				CLANG_WARN_RANGE_LOOP_ANALYSIS = YES;
				CLANG_WARN_STRICT_PROTOTYPES = YES;
				CLANG_WARN_SUSPICIOUS_MOVE = YES;
				CLANG_WARN_UNGUARDED_AVAILABILITY = YES_AGGRESSIVE;
				CLANG_WARN_UNREACHABLE_CODE = YES;
				CLANG_WARN__DUPLICATE_METHOD_MATCH = YES;
				COPY_PHASE_STRIP = NO;
				DEBUG_INFORMATION_FORMAT = dwarf;
				ENABLE_STRICT_OBJC_MSGSEND = YES;
				ENABLE_TESTABILITY = YES;
				GCC_C_LANGUAGE_STANDARD = gnu11;
				GCC_DYNAMIC_NO_PIC = NO;
				GCC_NO_COMMON_BLOCKS = YES;
				GCC_OPTIMIZATION_LEVEL = 0;
				GCC_PREPROCESSOR_DEFINITIONS = (
					"DEBUG=1",
					"$(inherited)",
				);
				GCC_WARN_64_TO_32_BIT_CONVERSION = YES;
				GCC_WARN_ABOUT_RETURN_TYPE = YES_ERROR;
				GCC_WARN_UNDECLARED_SELECTOR = YES;
				GCC_WARN_UNINITIALIZED_AUTOS = YES_AGGRESSIVE;
				GCC_WARN_UNUSED_FUNCTION = YES;
				GCC_WARN_UNUSED_VARIABLE = YES;
				IPHONEOS_DEPLOYMENT_TARGET = 13.2;
				MTL_ENABLE_DEBUG_INFO = INCLUDE_SOURCE;
				MTL_FAST_MATH = YES;
				ONLY_ACTIVE_ARCH = YES;
				SDKROOT = iphoneos;
				SWIFT_ACTIVE_COMPILATION_CONDITIONS = DEBUG;
				SWIFT_OPTIMIZATION_LEVEL = "-Onone";
			};
			name = Debug;
		};
		5F9B1DB024081889004DA693 /* Release */ = {
			isa = XCBuildConfiguration;
			buildSettings = {
				ALWAYS_SEARCH_USER_PATHS = NO;
				CLANG_ANALYZER_NONNULL = YES;
				CLANG_ANALYZER_NUMBER_OBJECT_CONVERSION = YES_AGGRESSIVE;
				CLANG_CXX_LANGUAGE_STANDARD = "gnu++14";
				CLANG_CXX_LIBRARY = "libc++";
				CLANG_ENABLE_MODULES = YES;
				CLANG_ENABLE_OBJC_ARC = YES;
				CLANG_ENABLE_OBJC_WEAK = YES;
				CLANG_WARN_BLOCK_CAPTURE_AUTORELEASING = YES;
				CLANG_WARN_BOOL_CONVERSION = YES;
				CLANG_WARN_COMMA = YES;
				CLANG_WARN_CONSTANT_CONVERSION = YES;
				CLANG_WARN_DEPRECATED_OBJC_IMPLEMENTATIONS = YES;
				CLANG_WARN_DIRECT_OBJC_ISA_USAGE = YES_ERROR;
				CLANG_WARN_DOCUMENTATION_COMMENTS = YES;
				CLANG_WARN_EMPTY_BODY = YES;
				CLANG_WARN_ENUM_CONVERSION = YES;
				CLANG_WARN_INFINITE_RECURSION = YES;
				CLANG_WARN_INT_CONVERSION = YES;
				CLANG_WARN_NON_LITERAL_NULL_CONVERSION = YES;
				CLANG_WARN_OBJC_IMPLICIT_RETAIN_SELF = YES;
				CLANG_WARN_OBJC_LITERAL_CONVERSION = YES;
				CLANG_WARN_OBJC_ROOT_CLASS = YES_ERROR;
				CLANG_WARN_RANGE_LOOP_ANALYSIS = YES;
				CLANG_WARN_STRICT_PROTOTYPES = YES;
				CLANG_WARN_SUSPICIOUS_MOVE = YES;
				CLANG_WARN_UNGUARDED_AVAILABILITY = YES_AGGRESSIVE;
				CLANG_WARN_UNREACHABLE_CODE = YES;
				CLANG_WARN__DUPLICATE_METHOD_MATCH = YES;
				COPY_PHASE_STRIP = NO;
				DEBUG_INFORMATION_FORMAT = "dwarf-with-dsym";
				ENABLE_NS_ASSERTIONS = NO;
				ENABLE_STRICT_OBJC_MSGSEND = YES;
				GCC_C_LANGUAGE_STANDARD = gnu11;
				GCC_NO_COMMON_BLOCKS = YES;
				GCC_WARN_64_TO_32_BIT_CONVERSION = YES;
				GCC_WARN_ABOUT_RETURN_TYPE = YES_ERROR;
				GCC_WARN_UNDECLARED_SELECTOR = YES;
				GCC_WARN_UNINITIALIZED_AUTOS = YES_AGGRESSIVE;
				GCC_WARN_UNUSED_FUNCTION = YES;
				GCC_WARN_UNUSED_VARIABLE = YES;
				IPHONEOS_DEPLOYMENT_TARGET = 13.2;
				MTL_ENABLE_DEBUG_INFO = NO;
				MTL_FAST_MATH = YES;
				SDKROOT = iphoneos;
				SWIFT_COMPILATION_MODE = wholemodule;
				SWIFT_OPTIMIZATION_LEVEL = "-O";
				VALIDATE_PRODUCT = YES;
			};
			name = Release;
		};
		5F9B1DB224081889004DA693 /* Debug */ = {
			isa = XCBuildConfiguration;
			buildSettings = {
				ASSETCATALOG_COMPILER_APPICON_NAME = AppIcon;
				CODE_SIGN_STYLE = Automatic;
				DEVELOPMENT_ASSET_PATHS = "\"spracheapp/Preview Content\"";
				DEVELOPMENT_TEAM = GQ9546367P;
				ENABLE_PREVIEWS = YES;
				INFOPLIST_FILE = spracheapp/Info.plist;
				LD_RUNPATH_SEARCH_PATHS = (
					"$(inherited)",
					"@executable_path/Frameworks",
				);
				PRODUCT_BUNDLE_IDENTIFIER = com.nospmismot.spracheapp;
				PRODUCT_NAME = "$(TARGET_NAME)";
				SWIFT_VERSION = 5.0;
				TARGETED_DEVICE_FAMILY = "1,2";
			};
			name = Debug;
		};
		5F9B1DB324081889004DA693 /* Release */ = {
			isa = XCBuildConfiguration;
			buildSettings = {
				ASSETCATALOG_COMPILER_APPICON_NAME = AppIcon;
				CODE_SIGN_STYLE = Automatic;
				DEVELOPMENT_ASSET_PATHS = "\"spracheapp/Preview Content\"";
				DEVELOPMENT_TEAM = GQ9546367P;
				ENABLE_PREVIEWS = YES;
				INFOPLIST_FILE = spracheapp/Info.plist;
				LD_RUNPATH_SEARCH_PATHS = (
					"$(inherited)",
					"@executable_path/Frameworks",
				);
				PRODUCT_BUNDLE_IDENTIFIER = com.nospmismot.spracheapp;
				PRODUCT_NAME = "$(TARGET_NAME)";
				SWIFT_VERSION = 5.0;
				TARGETED_DEVICE_FAMILY = "1,2";
			};
			name = Release;
		};
		5F9B1DB524081889004DA693 /* Debug */ = {
			isa = XCBuildConfiguration;
			buildSettings = {
				ALWAYS_EMBED_SWIFT_STANDARD_LIBRARIES = YES;
				BUNDLE_LOADER = "$(TEST_HOST)";
				CODE_SIGN_STYLE = Automatic;
				DEVELOPMENT_TEAM = GQ9546367P;
				INFOPLIST_FILE = spracheappTests/Info.plist;
				IPHONEOS_DEPLOYMENT_TARGET = 13.2;
				LD_RUNPATH_SEARCH_PATHS = (
					"$(inherited)",
					"@executable_path/Frameworks",
					"@loader_path/Frameworks",
				);
				PRODUCT_BUNDLE_IDENTIFIER = com.nospmismot.spracheappTests;
				PRODUCT_NAME = "$(TARGET_NAME)";
				SWIFT_VERSION = 5.0;
				TARGETED_DEVICE_FAMILY = "1,2";
				TEST_HOST = "$(BUILT_PRODUCTS_DIR)/spracheapp.app/spracheapp";
			};
			name = Debug;
		};
		5F9B1DB624081889004DA693 /* Release */ = {
			isa = XCBuildConfiguration;
			buildSettings = {
				ALWAYS_EMBED_SWIFT_STANDARD_LIBRARIES = YES;
				BUNDLE_LOADER = "$(TEST_HOST)";
				CODE_SIGN_STYLE = Automatic;
				DEVELOPMENT_TEAM = GQ9546367P;
				INFOPLIST_FILE = spracheappTests/Info.plist;
				IPHONEOS_DEPLOYMENT_TARGET = 13.2;
				LD_RUNPATH_SEARCH_PATHS = (
					"$(inherited)",
					"@executable_path/Frameworks",
					"@loader_path/Frameworks",
				);
				PRODUCT_BUNDLE_IDENTIFIER = com.nospmismot.spracheappTests;
				PRODUCT_NAME = "$(TARGET_NAME)";
				SWIFT_VERSION = 5.0;
				TARGETED_DEVICE_FAMILY = "1,2";
				TEST_HOST = "$(BUILT_PRODUCTS_DIR)/spracheapp.app/spracheapp";
			};
			name = Release;
		};
		5F9B1DB824081889004DA693 /* Debug */ = {
			isa = XCBuildConfiguration;
			buildSettings = {
				ALWAYS_EMBED_SWIFT_STANDARD_LIBRARIES = YES;
				CODE_SIGN_STYLE = Automatic;
				DEVELOPMENT_TEAM = GQ9546367P;
				INFOPLIST_FILE = spracheappUITests/Info.plist;
				LD_RUNPATH_SEARCH_PATHS = (
					"$(inherited)",
					"@executable_path/Frameworks",
					"@loader_path/Frameworks",
				);
				PRODUCT_BUNDLE_IDENTIFIER = com.nospmismot.spracheappUITests;
				PRODUCT_NAME = "$(TARGET_NAME)";
				SWIFT_VERSION = 5.0;
				TARGETED_DEVICE_FAMILY = "1,2";
				TEST_TARGET_NAME = spracheapp;
			};
			name = Debug;
		};
		5F9B1DB924081889004DA693 /* Release */ = {
			isa = XCBuildConfiguration;
			buildSettings = {
				ALWAYS_EMBED_SWIFT_STANDARD_LIBRARIES = YES;
				CODE_SIGN_STYLE = Automatic;
				DEVELOPMENT_TEAM = GQ9546367P;
				INFOPLIST_FILE = spracheappUITests/Info.plist;
				LD_RUNPATH_SEARCH_PATHS = (
					"$(inherited)",
					"@executable_path/Frameworks",
					"@loader_path/Frameworks",
				);
				PRODUCT_BUNDLE_IDENTIFIER = com.nospmismot.spracheappUITests;
				PRODUCT_NAME = "$(TARGET_NAME)";
				SWIFT_VERSION = 5.0;
				TARGETED_DEVICE_FAMILY = "1,2";
				TEST_TARGET_NAME = spracheapp;
			};
			name = Release;
		};
/* End XCBuildConfiguration section */

/* Begin XCConfigurationList section */
		5F9B1D8224081884004DA693 /* Build configuration list for PBXProject "spracheapp" */ = {
			isa = XCConfigurationList;
			buildConfigurations = (
				5F9B1DAF24081889004DA693 /* Debug */,
				5F9B1DB024081889004DA693 /* Release */,
			);
			defaultConfigurationIsVisible = 0;
			defaultConfigurationName = Release;
		};
		5F9B1DB124081889004DA693 /* Build configuration list for PBXNativeTarget "spracheapp" */ = {
			isa = XCConfigurationList;
			buildConfigurations = (
				5F9B1DB224081889004DA693 /* Debug */,
				5F9B1DB324081889004DA693 /* Release */,
			);
			defaultConfigurationIsVisible = 0;
			defaultConfigurationName = Release;
		};
		5F9B1DB424081889004DA693 /* Build configuration list for PBXNativeTarget "spracheappTests" */ = {
			isa = XCConfigurationList;
			buildConfigurations = (
				5F9B1DB524081889004DA693 /* Debug */,
				5F9B1DB624081889004DA693 /* Release */,
			);
			defaultConfigurationIsVisible = 0;
			defaultConfigurationName = Release;
		};
		5F9B1DB724081889004DA693 /* Build configuration list for PBXNativeTarget "spracheappUITests" */ = {
			isa = XCConfigurationList;
			buildConfigurations = (
				5F9B1DB824081889004DA693 /* Debug */,
				5F9B1DB924081889004DA693 /* Release */,
			);
			defaultConfigurationIsVisible = 0;
			defaultConfigurationName = Release;
		};
/* End XCConfigurationList section */
	};
	rootObject = 5F9B1D7F24081884004DA693 /* Project object */;
}
